
Microsoft Visual Studio Solution File, Format Version 12.00
# Visual Studio Version 17
VisualStudioVersion = 17.10.35027.167
MinimumVisualStudioVersion = 10.0.40219.1
Project("{FAE04EC0-301F-11D3-BF4B-00C04F79EFBC}") = "HelloJson", "HelloJson\HelloJson.csproj", "{D7A9F2BC-A4CF-48CB-B4B8-ECC4CAFFDAE9}"
EndProject
Global
	GlobalSection(SolutionConfigurationPlatforms) = preSolution
		Debug|Any CPU = Debug|Any CPU
		Release|Any CPU = Release|Any CPU
	EndGlobalSection
	GlobalSection(ProjectConfigurationPlatforms) = postSolution
		{D7A9F2BC-A4CF-48CB-B4B8-ECC4CAFFDAE9}.Debug|Any CPU.ActiveCfg = Debug|Any CPU
		{D7A9F2BC-A4CF-48CB-B4B8-ECC4CAFFDAE9}.Debug|Any CPU.Build.0 = Debug|Any CPU
		{D7A9F2BC-A4CF-48CB-B4B8-ECC4CAFFDAE9}.Release|Any CPU.ActiveCfg = Release|Any CPU
		{D7A9F2BC-A4CF-48CB-B4B8-ECC4CAFFDAE9}.Release|Any CPU.Build.0 = Release|Any CPU
	EndGlobalSection
	GlobalSection(SolutionProperties) = preSolution
		HideSolutionNode = FALSE
	EndGlobalSection
	GlobalSection(ExtensibilityGlobals) = postSolution
		SolutionGuid = {6C90A99F-3142-402C-85E8-E371C6D478E0}
	EndGlobalSection
EndGlobal
